// !$*UTF8*$!
{
	archiveVersion = 1;
	classes = {
	};
	objectVersion = 56;
	objects = {

/* Begin PBXBuildFile section */
		793D28392AB703950039B086 /* GymNotebookApp.swift in Sources */ = {isa = PBXBuildFile; fileRef = 793D28382AB703950039B086 /* GymNotebookApp.swift */; };
		793D283B2AB703950039B086 /* StartView.swift in Sources */ = {isa = PBXBuildFile; fileRef = 793D283A2AB703950039B086 /* StartView.swift */; };
		793D283D2AB703970039B086 /* Assets.xcassets in Resources */ = {isa = PBXBuildFile; fileRef = 793D283C2AB703970039B086 /* Assets.xcassets */; };
		793D28402AB703970039B086 /* Preview Assets.xcassets in Resources */ = {isa = PBXBuildFile; fileRef = 793D283F2AB703970039B086 /* Preview Assets.xcassets */; };
		793D28422AB703970039B086 /* Persistence.swift in Sources */ = {isa = PBXBuildFile; fileRef = 793D28412AB703970039B086 /* Persistence.swift */; };
		793D28452AB703970039B086 /* gymNotebook.xcdatamodeld in Sources */ = {isa = PBXBuildFile; fileRef = 793D28432AB703970039B086 /* gymNotebook.xcdatamodeld */; };
		793D284C2AB71B490039B086 /* TrainingModel.swift in Sources */ = {isa = PBXBuildFile; fileRef = 793D284B2AB71B490039B086 /* TrainingModel.swift */; };
		79A4D4E02AB7583400F48B33 /* MainView.swift in Sources */ = {isa = PBXBuildFile; fileRef = 79A4D4DF2AB7583400F48B33 /* MainView.swift */; };
		79A4D4E32AB75A9F00F48B33 /* TrainingView.swift in Sources */ = {isa = PBXBuildFile; fileRef = 79A4D4E22AB75A9F00F48B33 /* TrainingView.swift */; };
		79A4D4E52AB75B1500F48B33 /* HistoryView.swift in Sources */ = {isa = PBXBuildFile; fileRef = 79A4D4E42AB75B1500F48B33 /* HistoryView.swift */; };
		79A4D4E72AB75B3A00F48B33 /* CategoryView.swift in Sources */ = {isa = PBXBuildFile; fileRef = 79A4D4E62AB75B3A00F48B33 /* CategoryView.swift */; };
		79A4D4E92AB767F300F48B33 /* CoordinatorView.swift in Sources */ = {isa = PBXBuildFile; fileRef = 79A4D4E82AB767F300F48B33 /* CoordinatorView.swift */; };
		79A4D4EB2AB7683B00F48B33 /* Coordinator.swift in Sources */ = {isa = PBXBuildFile; fileRef = 79A4D4EA2AB7683B00F48B33 /* Coordinator.swift */; };
		79A4D4ED2AB7685B00F48B33 /* MyPages.swift in Sources */ = {isa = PBXBuildFile; fileRef = 79A4D4EC2AB7685B00F48B33 /* MyPages.swift */; };
		79DBA8902AD0394B002E7388 /* MuscleGroupName.swift in Sources */ = {isa = PBXBuildFile; fileRef = 79DBA88F2AD0394B002E7388 /* MuscleGroupName.swift */; };
		79DBA8922AD03D00002E7388 /* Category.swift in Sources */ = {isa = PBXBuildFile; fileRef = 79DBA8912AD03D00002E7388 /* Category.swift */; };
		79DBA8952AD056D5002E7388 /* Training.swift in Sources */ = {isa = PBXBuildFile; fileRef = 79DBA8942AD056D5002E7388 /* Training.swift */; };
		79DBA8972AD05888002E7388 /* NSManagedObjectContext.swift in Sources */ = {isa = PBXBuildFile; fileRef = 79DBA8962AD05888002E7388 /* NSManagedObjectContext.swift */; };
		79DBA8992AD05A57002E7388 /* ExerciseName.swift in Sources */ = {isa = PBXBuildFile; fileRef = 79DBA8982AD05A57002E7388 /* ExerciseName.swift */; };
		79DBA89B2AD05B59002E7388 /* AddingViewExercises.swift in Sources */ = {isa = PBXBuildFile; fileRef = 79DBA89A2AD05B59002E7388 /* AddingViewExercises.swift */; };
		79DBA89D2AD32E3D002E7388 /* MuscleGroup.swift in Sources */ = {isa = PBXBuildFile; fileRef = 79DBA89C2AD32E3D002E7388 /* MuscleGroup.swift */; };
		79DBA8A32AD3330E002E7388 /* ExecisePower.swift in Sources */ = {isa = PBXBuildFile; fileRef = 79DBA8A22AD3330E002E7388 /* ExecisePower.swift */; };
		79DBA8A62AD69AD7002E7388 /* ChildSizeReader.swift in Sources */ = {isa = PBXBuildFile; fileRef = 79DBA8A52AD69AD7002E7388 /* ChildSizeReader.swift */; };
		79DBA8A92AD6BC37002E7388 /* TrainingSelectionView.swift in Sources */ = {isa = PBXBuildFile; fileRef = 79DBA8A82AD6BC37002E7388 /* TrainingSelectionView.swift */; };
		79DBA8AB2AD6BCB6002E7388 /* StartViewModel.swift in Sources */ = {isa = PBXBuildFile; fileRef = 79DBA8AA2AD6BCB6002E7388 /* StartViewModel.swift */; };
		79DBA8B12AD739E0002E7388 /* SetView.swift in Sources */ = {isa = PBXBuildFile; fileRef = 79DBA8B02AD739E0002E7388 /* SetView.swift */; };
		79DBA8B32AD94C1D002E7388 /* ExeciseCardio.swift in Sources */ = {isa = PBXBuildFile; fileRef = 79DBA8B22AD94C1D002E7388 /* ExeciseCardio.swift */; };
		79DBA8BC2ADC76FF002E7388 /* SetViewModel.swift in Sources */ = {isa = PBXBuildFile; fileRef = 79DBA8BB2ADC76FF002E7388 /* SetViewModel.swift */; };
		79DBA8BE2ADC79FF002E7388 /* PowerSet.swift in Sources */ = {isa = PBXBuildFile; fileRef = 79DBA8BD2ADC79FF002E7388 /* PowerSet.swift */; };
		79DBA8C02ADC7A1E002E7388 /* CardioSet.swift in Sources */ = {isa = PBXBuildFile; fileRef = 79DBA8BF2ADC7A1E002E7388 /* CardioSet.swift */; };
		79DC28422ACEA9310085BC4E /* HorizontallyScrollMuscleView.swift in Sources */ = {isa = PBXBuildFile; fileRef = 79DC28412ACEA9310085BC4E /* HorizontallyScrollMuscleView.swift */; };
		79DC28452ACEABC40085BC4E /* TrainingViewModel.swift in Sources */ = {isa = PBXBuildFile; fileRef = 79DC28442ACEABC40085BC4E /* TrainingViewModel.swift */; };
		79DC28472ACEB7000085BC4E /* VerticalScrollTrainngView.swift in Sources */ = {isa = PBXBuildFile; fileRef = 79DC28462ACEB7000085BC4E /* VerticalScrollTrainngView.swift */; };
/* End PBXBuildFile section */

/* Begin PBXFileReference section */
		793D28352AB703950039B086 /* gymNotebook.app */ = {isa = PBXFileReference; explicitFileType = wrapper.application; includeInIndex = 0; path = gymNotebook.app; sourceTree = BUILT_PRODUCTS_DIR; };
		793D28382AB703950039B086 /* GymNotebookApp.swift */ = {isa = PBXFileReference; lastKnownFileType = sourcecode.swift; path = GymNotebookApp.swift; sourceTree = "<group>"; };
		793D283A2AB703950039B086 /* StartView.swift */ = {isa = PBXFileReference; lastKnownFileType = sourcecode.swift; path = StartView.swift; sourceTree = "<group>"; };
		793D283C2AB703970039B086 /* Assets.xcassets */ = {isa = PBXFileReference; lastKnownFileType = folder.assetcatalog; path = Assets.xcassets; sourceTree = "<group>"; };
		793D283F2AB703970039B086 /* Preview Assets.xcassets */ = {isa = PBXFileReference; lastKnownFileType = folder.assetcatalog; path = "Preview Assets.xcassets"; sourceTree = "<group>"; };
		793D28412AB703970039B086 /* Persistence.swift */ = {isa = PBXFileReference; lastKnownFileType = sourcecode.swift; path = Persistence.swift; sourceTree = "<group>"; };
		793D28442AB703970039B086 /* gymNotebook.xcdatamodel */ = {isa = PBXFileReference; lastKnownFileType = wrapper.xcdatamodel; path = gymNotebook.xcdatamodel; sourceTree = "<group>"; };
		793D284B2AB71B490039B086 /* TrainingModel.swift */ = {isa = PBXFileReference; lastKnownFileType = sourcecode.swift; path = TrainingModel.swift; sourceTree = "<group>"; };
		79A4D4DF2AB7583400F48B33 /* MainView.swift */ = {isa = PBXFileReference; lastKnownFileType = sourcecode.swift; path = MainView.swift; sourceTree = "<group>"; };
		79A4D4E22AB75A9F00F48B33 /* TrainingView.swift */ = {isa = PBXFileReference; lastKnownFileType = sourcecode.swift; path = TrainingView.swift; sourceTree = "<group>"; };
		79A4D4E42AB75B1500F48B33 /* HistoryView.swift */ = {isa = PBXFileReference; lastKnownFileType = sourcecode.swift; path = HistoryView.swift; sourceTree = "<group>"; };
		79A4D4E62AB75B3A00F48B33 /* CategoryView.swift */ = {isa = PBXFileReference; lastKnownFileType = sourcecode.swift; path = CategoryView.swift; sourceTree = "<group>"; };
		79A4D4E82AB767F300F48B33 /* CoordinatorView.swift */ = {isa = PBXFileReference; lastKnownFileType = sourcecode.swift; path = CoordinatorView.swift; sourceTree = "<group>"; };
		79A4D4EA2AB7683B00F48B33 /* Coordinator.swift */ = {isa = PBXFileReference; lastKnownFileType = sourcecode.swift; path = Coordinator.swift; sourceTree = "<group>"; };
		79A4D4EC2AB7685B00F48B33 /* MyPages.swift */ = {isa = PBXFileReference; lastKnownFileType = sourcecode.swift; path = MyPages.swift; sourceTree = "<group>"; };
		79DBA88F2AD0394B002E7388 /* MuscleGroupName.swift */ = {isa = PBXFileReference; lastKnownFileType = sourcecode.swift; path = MuscleGroupName.swift; sourceTree = "<group>"; };
		79DBA8912AD03D00002E7388 /* Category.swift */ = {isa = PBXFileReference; lastKnownFileType = sourcecode.swift; path = Category.swift; sourceTree = "<group>"; };
		79DBA8942AD056D5002E7388 /* Training.swift */ = {isa = PBXFileReference; lastKnownFileType = sourcecode.swift; path = Training.swift; sourceTree = "<group>"; };
		79DBA8962AD05888002E7388 /* NSManagedObjectContext.swift */ = {isa = PBXFileReference; lastKnownFileType = sourcecode.swift; path = NSManagedObjectContext.swift; sourceTree = "<group>"; };
		79DBA8982AD05A57002E7388 /* ExerciseName.swift */ = {isa = PBXFileReference; lastKnownFileType = sourcecode.swift; path = ExerciseName.swift; sourceTree = "<group>"; };
		79DBA89A2AD05B59002E7388 /* AddingViewExercises.swift */ = {isa = PBXFileReference; lastKnownFileType = sourcecode.swift; path = AddingViewExercises.swift; sourceTree = "<group>"; };
		79DBA89C2AD32E3D002E7388 /* MuscleGroup.swift */ = {isa = PBXFileReference; lastKnownFileType = sourcecode.swift; path = MuscleGroup.swift; sourceTree = "<group>"; };
		79DBA8A22AD3330E002E7388 /* ExecisePower.swift */ = {isa = PBXFileReference; lastKnownFileType = sourcecode.swift; path = ExecisePower.swift; sourceTree = "<group>"; };
		79DBA8A52AD69AD7002E7388 /* ChildSizeReader.swift */ = {isa = PBXFileReference; lastKnownFileType = sourcecode.swift; path = ChildSizeReader.swift; sourceTree = "<group>"; };
		79DBA8A82AD6BC37002E7388 /* TrainingSelectionView.swift */ = {isa = PBXFileReference; lastKnownFileType = sourcecode.swift; path = TrainingSelectionView.swift; sourceTree = "<group>"; };
		79DBA8AA2AD6BCB6002E7388 /* StartViewModel.swift */ = {isa = PBXFileReference; lastKnownFileType = sourcecode.swift; path = StartViewModel.swift; sourceTree = "<group>"; };
		79DBA8B02AD739E0002E7388 /* SetView.swift */ = {isa = PBXFileReference; lastKnownFileType = sourcecode.swift; path = SetView.swift; sourceTree = "<group>"; };
		79DBA8B22AD94C1D002E7388 /* ExeciseCardio.swift */ = {isa = PBXFileReference; lastKnownFileType = sourcecode.swift; path = ExeciseCardio.swift; sourceTree = "<group>"; };
		79DBA8BB2ADC76FF002E7388 /* SetViewModel.swift */ = {isa = PBXFileReference; lastKnownFileType = sourcecode.swift; path = SetViewModel.swift; sourceTree = "<group>"; };
		79DBA8BD2ADC79FF002E7388 /* PowerSet.swift */ = {isa = PBXFileReference; lastKnownFileType = sourcecode.swift; path = PowerSet.swift; sourceTree = "<group>"; };
		79DBA8BF2ADC7A1E002E7388 /* CardioSet.swift */ = {isa = PBXFileReference; lastKnownFileType = sourcecode.swift; path = CardioSet.swift; sourceTree = "<group>"; };
		79DC28412ACEA9310085BC4E /* HorizontallyScrollMuscleView.swift */ = {isa = PBXFileReference; lastKnownFileType = sourcecode.swift; path = HorizontallyScrollMuscleView.swift; sourceTree = "<group>"; };
		79DC28442ACEABC40085BC4E /* TrainingViewModel.swift */ = {isa = PBXFileReference; lastKnownFileType = sourcecode.swift; path = TrainingViewModel.swift; sourceTree = "<group>"; };
		79DC28462ACEB7000085BC4E /* VerticalScrollTrainngView.swift */ = {isa = PBXFileReference; lastKnownFileType = sourcecode.swift; path = VerticalScrollTrainngView.swift; sourceTree = "<group>"; };
/* End PBXFileReference section */

/* Begin PBXFrameworksBuildPhase section */
		793D28322AB703950039B086 /* Frameworks */ = {
			isa = PBXFrameworksBuildPhase;
			buildActionMask = 2147483647;
			files = (
			);
			runOnlyForDeploymentPostprocessing = 0;
		};
/* End PBXFrameworksBuildPhase section */

/* Begin PBXGroup section */
		793D282C2AB703950039B086 = {
			isa = PBXGroup;
			children = (
				793D28372AB703950039B086 /* gymNotebook */,
				793D28362AB703950039B086 /* Products */,
			);
			sourceTree = "<group>";
		};
		793D28362AB703950039B086 /* Products */ = {
			isa = PBXGroup;
			children = (
				793D28352AB703950039B086 /* gymNotebook.app */,
			);
			name = Products;
			sourceTree = "<group>";
		};
		793D28372AB703950039B086 /* gymNotebook */ = {
			isa = PBXGroup;
			children = (
				793D28382AB703950039B086 /* GymNotebookApp.swift */,
				793D284B2AB71B490039B086 /* TrainingModel.swift */,
				79DC28432ACEAB930085BC4E /* ViewModel */,
				79A4D4E12AB7583800F48B33 /* View */,
				79A4D4EF2AB770C300F48B33 /* Support */,
				79A4D4EE2AB770AE00F48B33 /* Coordinator */,
				793D283C2AB703970039B086 /* Assets.xcassets */,
				793D28412AB703970039B086 /* Persistence.swift */,
				793D28432AB703970039B086 /* gymNotebook.xcdatamodeld */,
				793D283E2AB703970039B086 /* Preview Content */,
			);
			path = gymNotebook;
			sourceTree = "<group>";
		};
		793D283E2AB703970039B086 /* Preview Content */ = {
			isa = PBXGroup;
			children = (
				793D283F2AB703970039B086 /* Preview Assets.xcassets */,
			);
			path = "Preview Content";
			sourceTree = "<group>";
		};
		79A4D4E12AB7583800F48B33 /* View */ = {
			isa = PBXGroup;
			children = (
				79DBA8A42AD69AB8002E7388 /* Support */,
				79DBA8A72AD6BBF9002E7388 /* StartView */,
				79DBA8C32ADD5884002E7388 /* MainView */,
				79DBA8B42AD94E6B002E7388 /* SetView */,
				79DC28402ACEA8FE0085BC4E /* TrainingView */,
				79DBA8C22ADD585C002E7388 /* CategoryView */,
				79DBA8C12ADD5847002E7388 /* HistoryView */,
			);
			path = View;
			sourceTree = "<group>";
		};
		79A4D4EE2AB770AE00F48B33 /* Coordinator */ = {
			isa = PBXGroup;
			children = (
				79A4D4EA2AB7683B00F48B33 /* Coordinator.swift */,
				79A4D4E82AB767F300F48B33 /* CoordinatorView.swift */,
			);
			path = Coordinator;
			sourceTree = "<group>";
		};
		79A4D4EF2AB770C300F48B33 /* Support */ = {
			isa = PBXGroup;
			children = (
				79DBA8932AD05693002E7388 /* Extension */,
				79A4D4F02AB770D700F48B33 /* Enum */,
			);
			path = Support;
			sourceTree = "<group>";
		};
		79A4D4F02AB770D700F48B33 /* Enum */ = {
			isa = PBXGroup;
			children = (
				79A4D4EC2AB7685B00F48B33 /* MyPages.swift */,
				79DBA8912AD03D00002E7388 /* Category.swift */,
			);
			path = Enum;
			sourceTree = "<group>";
		};
		79DBA8932AD05693002E7388 /* Extension */ = {
			isa = PBXGroup;
			children = (
				79DBA88F2AD0394B002E7388 /* MuscleGroupName.swift */,
				79DBA8982AD05A57002E7388 /* ExerciseName.swift */,
				79DBA8A22AD3330E002E7388 /* ExecisePower.swift */,
				79DBA8BD2ADC79FF002E7388 /* PowerSet.swift */,
				79DBA8BF2ADC7A1E002E7388 /* CardioSet.swift */,
				79DBA89C2AD32E3D002E7388 /* MuscleGroup.swift */,
				79DBA8B22AD94C1D002E7388 /* ExeciseCardio.swift */,
				79DBA8942AD056D5002E7388 /* Training.swift */,
				79DBA8962AD05888002E7388 /* NSManagedObjectContext.swift */,
			);
			path = Extension;
			sourceTree = "<group>";
		};
		79DBA8A42AD69AB8002E7388 /* Support */ = {
			isa = PBXGroup;
			children = (
				79DBA8A52AD69AD7002E7388 /* ChildSizeReader.swift */,
			);
			path = Support;
			sourceTree = "<group>";
		};
		79DBA8A72AD6BBF9002E7388 /* StartView */ = {
			isa = PBXGroup;
			children = (
				793D283A2AB703950039B086 /* StartView.swift */,
				79DBA8A82AD6BC37002E7388 /* TrainingSelectionView.swift */,
			);
			path = StartView;
			sourceTree = "<group>";
		};
		79DBA8B42AD94E6B002E7388 /* SetView */ = {
			isa = PBXGroup;
			children = (
				79DBA8B02AD739E0002E7388 /* SetView.swift */,
			);
			path = SetView;
			sourceTree = "<group>";
		};
		79DBA8C12ADD5847002E7388 /* HistoryView */ = {
			isa = PBXGroup;
			children = (
				79A4D4E42AB75B1500F48B33 /* HistoryView.swift */,
			);
			path = HistoryView;
			sourceTree = "<group>";
		};
		79DBA8C22ADD585C002E7388 /* CategoryView */ = {
			isa = PBXGroup;
			children = (
				79A4D4E62AB75B3A00F48B33 /* CategoryView.swift */,
			);
			path = CategoryView;
			sourceTree = "<group>";
		};
		79DBA8C32ADD5884002E7388 /* MainView */ = {
			isa = PBXGroup;
			children = (
				79A4D4DF2AB7583400F48B33 /* MainView.swift */,
			);
			path = MainView;
			sourceTree = "<group>";
		};
		79DC28402ACEA8FE0085BC4E /* TrainingView */ = {
			isa = PBXGroup;
			children = (
				79A4D4E22AB75A9F00F48B33 /* TrainingView.swift */,
				79DBA89A2AD05B59002E7388 /* AddingViewExercises.swift */,
				79DC28412ACEA9310085BC4E /* HorizontallyScrollMuscleView.swift */,
				79DC28462ACEB7000085BC4E /* VerticalScrollTrainngView.swift */,
			);
			path = TrainingView;
			sourceTree = "<group>";
		};
		79DC28432ACEAB930085BC4E /* ViewModel */ = {
			isa = PBXGroup;
			children = (
				79DC28442ACEABC40085BC4E /* TrainingViewModel.swift */,
				79DBA8AA2AD6BCB6002E7388 /* StartViewModel.swift */,
				79DBA8BB2ADC76FF002E7388 /* SetViewModel.swift */,
			);
			path = ViewModel;
			sourceTree = "<group>";
		};
/* End PBXGroup section */

/* Begin PBXNativeTarget section */
		793D28342AB703950039B086 /* gymNotebook */ = {
			isa = PBXNativeTarget;
			buildConfigurationList = 793D28482AB703970039B086 /* Build configuration list for PBXNativeTarget "gymNotebook" */;
			buildPhases = (
				793D28312AB703950039B086 /* Sources */,
				793D28322AB703950039B086 /* Frameworks */,
				793D28332AB703950039B086 /* Resources */,
			);
			buildRules = (
			);
			dependencies = (
			);
			name = gymNotebook;
			productName = gymNotebook;
			productReference = 793D28352AB703950039B086 /* gymNotebook.app */;
			productType = "com.apple.product-type.application";
		};
/* End PBXNativeTarget section */

/* Begin PBXProject section */
		793D282D2AB703950039B086 /* Project object */ = {
			isa = PBXProject;
			attributes = {
				BuildIndependentTargetsInParallel = 1;
				LastSwiftUpdateCheck = 1420;
				LastUpgradeCheck = 1500;
				TargetAttributes = {
					793D28342AB703950039B086 = {
						CreatedOnToolsVersion = 14.2;
					};
				};
			};
			buildConfigurationList = 793D28302AB703950039B086 /* Build configuration list for PBXProject "gymNotebook" */;
			compatibilityVersion = "Xcode 14.0";
			developmentRegion = en;
			hasScannedForEncodings = 0;
			knownRegions = (
				en,
				Base,
			);
			mainGroup = 793D282C2AB703950039B086;
			productRefGroup = 793D28362AB703950039B086 /* Products */;
			projectDirPath = "";
			projectRoot = "";
			targets = (
				793D28342AB703950039B086 /* gymNotebook */,
			);
		};
/* End PBXProject section */

/* Begin PBXResourcesBuildPhase section */
		793D28332AB703950039B086 /* Resources */ = {
			isa = PBXResourcesBuildPhase;
			buildActionMask = 2147483647;
			files = (
				793D28402AB703970039B086 /* Preview Assets.xcassets in Resources */,
				793D283D2AB703970039B086 /* Assets.xcassets in Resources */,
			);
			runOnlyForDeploymentPostprocessing = 0;
		};
/* End PBXResourcesBuildPhase section */

/* Begin PBXSourcesBuildPhase section */
		793D28312AB703950039B086 /* Sources */ = {
			isa = PBXSourcesBuildPhase;
			buildActionMask = 2147483647;
			files = (
				79DBA8902AD0394B002E7388 /* MuscleGroupName.swift in Sources */,
				793D28422AB703970039B086 /* Persistence.swift in Sources */,
				79DBA8B32AD94C1D002E7388 /* ExeciseCardio.swift in Sources */,
				79DC28472ACEB7000085BC4E /* VerticalScrollTrainngView.swift in Sources */,
				79A4D4E92AB767F300F48B33 /* CoordinatorView.swift in Sources */,
				79DC28452ACEABC40085BC4E /* TrainingViewModel.swift in Sources */,
				79A4D4ED2AB7685B00F48B33 /* MyPages.swift in Sources */,
				79A4D4E52AB75B1500F48B33 /* HistoryView.swift in Sources */,
				79DBA8952AD056D5002E7388 /* Training.swift in Sources */,
				793D283B2AB703950039B086 /* StartView.swift in Sources */,
				79DBA89B2AD05B59002E7388 /* AddingViewExercises.swift in Sources */,
				79DC28422ACEA9310085BC4E /* HorizontallyScrollMuscleView.swift in Sources */,
				793D28452AB703970039B086 /* gymNotebook.xcdatamodeld in Sources */,
				793D284C2AB71B490039B086 /* TrainingModel.swift in Sources */,
				79DBA8B12AD739E0002E7388 /* SetView.swift in Sources */,
				79DBA8AB2AD6BCB6002E7388 /* StartViewModel.swift in Sources */,
				79DBA8922AD03D00002E7388 /* Category.swift in Sources */,
				79A4D4EB2AB7683B00F48B33 /* Coordinator.swift in Sources */,
				79DBA8992AD05A57002E7388 /* ExerciseName.swift in Sources */,
				79DBA8BC2ADC76FF002E7388 /* SetViewModel.swift in Sources */,
				79DBA8A32AD3330E002E7388 /* ExecisePower.swift in Sources */,
				79DBA89D2AD32E3D002E7388 /* MuscleGroup.swift in Sources */,
				79DBA8A62AD69AD7002E7388 /* ChildSizeReader.swift in Sources */,
				79DBA8A92AD6BC37002E7388 /* TrainingSelectionView.swift in Sources */,
				79DBA8BE2ADC79FF002E7388 /* PowerSet.swift in Sources */,
				79A4D4E02AB7583400F48B33 /* MainView.swift in Sources */,
				79A4D4E32AB75A9F00F48B33 /* TrainingView.swift in Sources */,
				79DBA8C02ADC7A1E002E7388 /* CardioSet.swift in Sources */,
				79DBA8972AD05888002E7388 /* NSManagedObjectContext.swift in Sources */,
				793D28392AB703950039B086 /* GymNotebookApp.swift in Sources */,
				79A4D4E72AB75B3A00F48B33 /* CategoryView.swift in Sources */,
			);
			runOnlyForDeploymentPostprocessing = 0;
		};
/* End PBXSourcesBuildPhase section */

/* Begin XCBuildConfiguration section */
		793D28462AB703970039B086 /* Debug */ = {
			isa = XCBuildConfiguration;
			buildSettings = {
				ALWAYS_SEARCH_USER_PATHS = NO;
				CLANG_ANALYZER_NONNULL = YES;
				CLANG_ANALYZER_NUMBER_OBJECT_CONVERSION = YES_AGGRESSIVE;
				CLANG_CXX_LANGUAGE_STANDARD = "gnu++20";
				CLANG_ENABLE_MODULES = YES;
				CLANG_ENABLE_OBJC_ARC = YES;
				CLANG_ENABLE_OBJC_WEAK = YES;
				CLANG_WARN_BLOCK_CAPTURE_AUTORELEASING = YES;
				CLANG_WARN_BOOL_CONVERSION = YES;
				CLANG_WARN_COMMA = YES;
				CLANG_WARN_CONSTANT_CONVERSION = YES;
				CLANG_WARN_DEPRECATED_OBJC_IMPLEMENTATIONS = YES;
				CLANG_WARN_DIRECT_OBJC_ISA_USAGE = YES_ERROR;
				CLANG_WARN_DOCUMENTATION_COMMENTS = YES;
				CLANG_WARN_EMPTY_BODY = YES;
				CLANG_WARN_ENUM_CONVERSION = YES;
				CLANG_WARN_INFINITE_RECURSION = YES;
				CLANG_WARN_INT_CONVERSION = YES;
				CLANG_WARN_NON_LITERAL_NULL_CONVERSION = YES;
				CLANG_WARN_OBJC_IMPLICIT_RETAIN_SELF = YES;
				CLANG_WARN_OBJC_LITERAL_CONVERSION = YES;
				CLANG_WARN_OBJC_ROOT_CLASS = YES_ERROR;
				CLANG_WARN_QUOTED_INCLUDE_IN_FRAMEWORK_HEADER = YES;
				CLANG_WARN_RANGE_LOOP_ANALYSIS = YES;
				CLANG_WARN_STRICT_PROTOTYPES = YES;
				CLANG_WARN_SUSPICIOUS_MOVE = YES;
				CLANG_WARN_UNGUARDED_AVAILABILITY = YES_AGGRESSIVE;
				CLANG_WARN_UNREACHABLE_CODE = YES;
				CLANG_WARN__DUPLICATE_METHOD_MATCH = YES;
				COPY_PHASE_STRIP = NO;
				DEBUG_INFORMATION_FORMAT = dwarf;
				ENABLE_STRICT_OBJC_MSGSEND = YES;
				ENABLE_TESTABILITY = YES;
				ENABLE_USER_SCRIPT_SANDBOXING = YES;
				GCC_C_LANGUAGE_STANDARD = gnu11;
				GCC_DYNAMIC_NO_PIC = NO;
				GCC_NO_COMMON_BLOCKS = YES;
				GCC_OPTIMIZATION_LEVEL = 0;
				GCC_PREPROCESSOR_DEFINITIONS = (
					"DEBUG=1",
					"$(inherited)",
				);
				GCC_WARN_64_TO_32_BIT_CONVERSION = YES;
				GCC_WARN_ABOUT_RETURN_TYPE = YES_ERROR;
				GCC_WARN_UNDECLARED_SELECTOR = YES;
				GCC_WARN_UNINITIALIZED_AUTOS = YES_AGGRESSIVE;
				GCC_WARN_UNUSED_FUNCTION = YES;
				GCC_WARN_UNUSED_VARIABLE = YES;
				IPHONEOS_DEPLOYMENT_TARGET = 16.0;
				MTL_ENABLE_DEBUG_INFO = INCLUDE_SOURCE;
				MTL_FAST_MATH = YES;
				ONLY_ACTIVE_ARCH = YES;
				SDKROOT = iphoneos;
				SWIFT_ACTIVE_COMPILATION_CONDITIONS = DEBUG;
				SWIFT_OPTIMIZATION_LEVEL = "-Onone";
			};
			name = Debug;
		};
		793D28472AB703970039B086 /* Release */ = {
			isa = XCBuildConfiguration;
			buildSettings = {
				ALWAYS_SEARCH_USER_PATHS = NO;
				CLANG_ANALYZER_NONNULL = YES;
				CLANG_ANALYZER_NUMBER_OBJECT_CONVERSION = YES_AGGRESSIVE;
				CLANG_CXX_LANGUAGE_STANDARD = "gnu++20";
				CLANG_ENABLE_MODULES = YES;
				CLANG_ENABLE_OBJC_ARC = YES;
				CLANG_ENABLE_OBJC_WEAK = YES;
				CLANG_WARN_BLOCK_CAPTURE_AUTORELEASING = YES;
				CLANG_WARN_BOOL_CONVERSION = YES;
				CLANG_WARN_COMMA = YES;
				CLANG_WARN_CONSTANT_CONVERSION = YES;
				CLANG_WARN_DEPRECATED_OBJC_IMPLEMENTATIONS = YES;
				CLANG_WARN_DIRECT_OBJC_ISA_USAGE = YES_ERROR;
				CLANG_WARN_DOCUMENTATION_COMMENTS = YES;
				CLANG_WARN_EMPTY_BODY = YES;
				CLANG_WARN_ENUM_CONVERSION = YES;
				CLANG_WARN_INFINITE_RECURSION = YES;
				CLANG_WARN_INT_CONVERSION = YES;
				CLANG_WARN_NON_LITERAL_NULL_CONVERSION = YES;
				CLANG_WARN_OBJC_IMPLICIT_RETAIN_SELF = YES;
				CLANG_WARN_OBJC_LITERAL_CONVERSION = YES;
				CLANG_WARN_OBJC_ROOT_CLASS = YES_ERROR;
				CLANG_WARN_QUOTED_INCLUDE_IN_FRAMEWORK_HEADER = YES;
				CLANG_WARN_RANGE_LOOP_ANALYSIS = YES;
				CLANG_WARN_STRICT_PROTOTYPES = YES;
				CLANG_WARN_SUSPICIOUS_MOVE = YES;
				CLANG_WARN_UNGUARDED_AVAILABILITY = YES_AGGRESSIVE;
				CLANG_WARN_UNREACHABLE_CODE = YES;
				CLANG_WARN__DUPLICATE_METHOD_MATCH = YES;
				COPY_PHASE_STRIP = NO;
				DEBUG_INFORMATION_FORMAT = "dwarf-with-dsym";
				ENABLE_NS_ASSERTIONS = NO;
				ENABLE_STRICT_OBJC_MSGSEND = YES;
				ENABLE_USER_SCRIPT_SANDBOXING = YES;
				GCC_C_LANGUAGE_STANDARD = gnu11;
				GCC_NO_COMMON_BLOCKS = YES;
				GCC_WARN_64_TO_32_BIT_CONVERSION = YES;
				GCC_WARN_ABOUT_RETURN_TYPE = YES_ERROR;
				GCC_WARN_UNDECLARED_SELECTOR = YES;
				GCC_WARN_UNINITIALIZED_AUTOS = YES_AGGRESSIVE;
				GCC_WARN_UNUSED_FUNCTION = YES;
				GCC_WARN_UNUSED_VARIABLE = YES;
				IPHONEOS_DEPLOYMENT_TARGET = 16.0;
				MTL_ENABLE_DEBUG_INFO = NO;
				MTL_FAST_MATH = YES;
				SDKROOT = iphoneos;
				SWIFT_COMPILATION_MODE = wholemodule;
				SWIFT_OPTIMIZATION_LEVEL = "-O";
				VALIDATE_PRODUCT = YES;
			};
			name = Release;
		};
		793D28492AB703970039B086 /* Debug */ = {
			isa = XCBuildConfiguration;
			buildSettings = {
				ASSETCATALOG_COMPILER_APPICON_NAME = AppIcon;
				ASSETCATALOG_COMPILER_GLOBAL_ACCENT_COLOR_NAME = AccentColor;
				CODE_SIGN_STYLE = Automatic;
				CURRENT_PROJECT_VERSION = 1;
				DEVELOPMENT_ASSET_PATHS = "\"gymNotebook/Preview Content\"";
				DEVELOPMENT_TEAM = 5HDJ6MMFHG;
				ENABLE_PREVIEWS = YES;
				GENERATE_INFOPLIST_FILE = YES;
				INFOPLIST_KEY_UIApplicationSceneManifest_Generation = YES;
				INFOPLIST_KEY_UIApplicationSupportsIndirectInputEvents = YES;
				INFOPLIST_KEY_UILaunchScreen_Generation = YES;
				INFOPLIST_KEY_UISupportedInterfaceOrientations_iPad = "UIInterfaceOrientationPortrait UIInterfaceOrientationPortraitUpsideDown UIInterfaceOrientationLandscapeLeft UIInterfaceOrientationLandscapeRight";
				INFOPLIST_KEY_UISupportedInterfaceOrientations_iPhone = "UIInterfaceOrientationPortrait UIInterfaceOrientationLandscapeLeft UIInterfaceOrientationLandscapeRight";
				LD_RUNPATH_SEARCH_PATHS = (
					"$(inherited)",
					"@executable_path/Frameworks",
				);
				MARKETING_VERSION = 1.0;
				PRODUCT_BUNDLE_IDENTIFIER = team.gymNotebook;
				PRODUCT_NAME = "$(TARGET_NAME)";
				SWIFT_EMIT_LOC_STRINGS = YES;
				SWIFT_VERSION = 5.0;
				TARGETED_DEVICE_FAMILY = "1,2";
			};
			name = Debug;
		};
		793D284A2AB703970039B086 /* Release */ = {
			isa = XCBuildConfiguration;
			buildSettings = {
				ASSETCATALOG_COMPILER_APPICON_NAME = AppIcon;
				ASSETCATALOG_COMPILER_GLOBAL_ACCENT_COLOR_NAME = AccentColor;
				CODE_SIGN_STYLE = Automatic;
				CURRENT_PROJECT_VERSION = 1;
				DEVELOPMENT_ASSET_PATHS = "\"gymNotebook/Preview Content\"";
				DEVELOPMENT_TEAM = 5HDJ6MMFHG;
				ENABLE_PREVIEWS = YES;
				GENERATE_INFOPLIST_FILE = YES;
				INFOPLIST_KEY_UIApplicationSceneManifest_Generation = YES;
				INFOPLIST_KEY_UIApplicationSupportsIndirectInputEvents = YES;
				INFOPLIST_KEY_UILaunchScreen_Generation = YES;
				INFOPLIST_KEY_UISupportedInterfaceOrientations_iPad = "UIInterfaceOrientationPortrait UIInterfaceOrientationPortraitUpsideDown UIInterfaceOrientationLandscapeLeft UIInterfaceOrientationLandscapeRight";
				INFOPLIST_KEY_UISupportedInterfaceOrientations_iPhone = "UIInterfaceOrientationPortrait UIInterfaceOrientationLandscapeLeft UIInterfaceOrientationLandscapeRight";
				LD_RUNPATH_SEARCH_PATHS = (
					"$(inherited)",
					"@executable_path/Frameworks",
				);
				MARKETING_VERSION = 1.0;
				PRODUCT_BUNDLE_IDENTIFIER = team.gymNotebook;
				PRODUCT_NAME = "$(TARGET_NAME)";
				SWIFT_EMIT_LOC_STRINGS = YES;
				SWIFT_VERSION = 5.0;
				TARGETED_DEVICE_FAMILY = "1,2";
			};
			name = Release;
		};
/* End XCBuildConfiguration section */

/* Begin XCConfigurationList section */
		793D28302AB703950039B086 /* Build configuration list for PBXProject "gymNotebook" */ = {
			isa = XCConfigurationList;
			buildConfigurations = (
				793D28462AB703970039B086 /* Debug */,
				793D28472AB703970039B086 /* Release */,
			);
			defaultConfigurationIsVisible = 0;
			defaultConfigurationName = Release;
		};
		793D28482AB703970039B086 /* Build configuration list for PBXNativeTarget "gymNotebook" */ = {
			isa = XCConfigurationList;
			buildConfigurations = (
				793D28492AB703970039B086 /* Debug */,
				793D284A2AB703970039B086 /* Release */,
			);
			defaultConfigurationIsVisible = 0;
			defaultConfigurationName = Release;
		};
/* End XCConfigurationList section */

/* Begin XCVersionGroup section */
		793D28432AB703970039B086 /* gymNotebook.xcdatamodeld */ = {
			isa = XCVersionGroup;
			children = (
				793D28442AB703970039B086 /* gymNotebook.xcdatamodel */,
			);
			currentVersion = 793D28442AB703970039B086 /* gymNotebook.xcdatamodel */;
			path = gymNotebook.xcdatamodeld;
			sourceTree = "<group>";
			versionGroupType = wrapper.xcdatamodel;
		};
/* End XCVersionGroup section */
	};
	rootObject = 793D282D2AB703950039B086 /* Project object */;
}
